
Microsoft Visual Studio Solution File, Format Version 12.00
# Visual Studio Version 17
VisualStudioVersion = 17.5.33516.290
MinimumVisualStudioVersion = 10.0.40219.1
Project("{FAE04EC0-301F-11D3-BF4B-00C04F79EFBC}") = "WinFormsApp1", "WinFormsApp1\WinFormsApp1.csproj", "{C750D7AE-63C1-41C0-8157-584898CA5025}"
EndProject
Global
	GlobalSection(SolutionConfigurationPlatforms) = preSolution
		Debug|Any CPU = Debug|Any CPU
		Release|Any CPU = Release|Any CPU
	EndGlobalSection
	GlobalSection(ProjectConfigurationPlatforms) = postSolution
		{C750D7AE-63C1-41C0-8157-584898CA5025}.Debug|Any CPU.ActiveCfg = Debug|Any CPU
		{C750D7AE-63C1-41C0-8157-584898CA5025}.Debug|Any CPU.Build.0 = Debug|Any CPU
		{C750D7AE-63C1-41C0-8157-584898CA5025}.Release|Any CPU.ActiveCfg = Release|Any CPU
		{C750D7AE-63C1-41C0-8157-584898CA5025}.Release|Any CPU.Build.0 = Release|Any CPU
	EndGlobalSection
	GlobalSection(SolutionProperties) = preSolution
		HideSolutionNode = FALSE
	EndGlobalSection
	GlobalSection(ExtensibilityGlobals) = postSolution
		SolutionGuid = {410AF875-C5FB-4761-BA40-2E002C75C556}
	EndGlobalSection
EndGlobal
